<?xml version="1.0" encoding="UTF-8"?>
<Scheme
   version = "1.3">
   <BuildAction>
      <BuildActionEntries>
         <BuildActionEntry
            buildForRunning = "YES">
            <BuildableReference
               BuildableIdentifier = "primary"
               BlueprintIdentifier = "52FA5C616432C7C70BC05A32"
               BuildableName = "SimpleAlgoryths.app"
               BlueprintName = "SimpleAlgoryths"
               ReferencedContainer = "container:SimpleAlgoryths.xcodeproj">
            </BuildableReference>
         </BuildActionEntry>
      </BuildActionEntries>
   </BuildAction>
   <LaunchAction
      useCustomWorkingDirectory = "NO"
      buildConfiguration = "Debug">
      <BuildableProductRunnable>
         <BuildableReference
            BuildableIdentifier = "primary"
            BlueprintIdentifier = "52FA5C616432C7C70BC05A32"
            BuildableName = "SimpleAlgoryths.app"
            BlueprintName = "SimpleAlgoryths"
            ReferencedContainer = "container:SimpleAlgoryths.xcodeproj">
         </BuildableReference>
      </BuildableProductRunnable>
   </LaunchAction>
</Scheme>
